
Microsoft Visual Studio Solution File, Format Version 12.00
# Visual Studio 15
VisualStudioVersion = 15.0.27703.2000
MinimumVisualStudioVersion = 10.0.40219.1
Project("{FAE04EC0-301F-11D3-BF4B-00C04F79EFBC}") = "day3", "day3.csproj", "{32EF19A4-722B-4E15-92F1-8FC543C7F7A3}"
EndProject
Global
	GlobalSection(SolutionConfigurationPlatforms) = preSolution
		Debug|Any CPU = Debug|Any CPU
		Release|Any CPU = Release|Any CPU
	EndGlobalSection
	GlobalSection(ProjectConfigurationPlatforms) = postSolution
		{32EF19A4-722B-4E15-92F1-8FC543C7F7A3}.Debug|Any CPU.ActiveCfg = Debug|Any CPU
		{32EF19A4-722B-4E15-92F1-8FC543C7F7A3}.Debug|Any CPU.Build.0 = Debug|Any CPU
		{32EF19A4-722B-4E15-92F1-8FC543C7F7A3}.Release|Any CPU.ActiveCfg = Release|Any CPU
		{32EF19A4-722B-4E15-92F1-8FC543C7F7A3}.Release|Any CPU.Build.0 = Release|Any CPU
	EndGlobalSection
	GlobalSection(SolutionProperties) = preSolution
		HideSolutionNode = FALSE
	EndGlobalSection
	GlobalSection(ExtensibilityGlobals) = postSolution
		SolutionGuid = {39C1CFEC-64EB-454C-84AA-F455A51F6201}
	EndGlobalSection
EndGlobal
